// !$*UTF8*$!
{
	archiveVersion = 1;
	classes = {
	};
	objectVersion = 56;
	objects = {

/* Begin PBXBuildFile section */
		D6283A702AC2D3290011EC13 /* ActivityView.swift in Sources */ = {isa = PBXBuildFile; fileRef = D6283A6F2AC2D3290011EC13 /* ActivityView.swift */; };
		D62BABE32AD198E800F27816 /* NewRestaurantView.swift in Sources */ = {isa = PBXBuildFile; fileRef = D62BABE22AD198E800F27816 /* NewRestaurantView.swift */; };
		D62BABE82AD19B3800F27816 /* FormTextField.swift in Sources */ = {isa = PBXBuildFile; fileRef = D62BABE72AD19B3800F27816 /* FormTextField.swift */; };
		D62BABEA2AD19D6600F27816 /* FormTextView.swift in Sources */ = {isa = PBXBuildFile; fileRef = D62BABE92AD19D6600F27816 /* FormTextView.swift */; };
		D62BABED2AD1A81A00F27816 /* ImagePicker.swift in Sources */ = {isa = PBXBuildFile; fileRef = D62BABEC2AD1A81A00F27816 /* ImagePicker.swift */; };
		D630FC222AC18DE4004330AF /* Restaurant.swift in Sources */ = {isa = PBXBuildFile; fileRef = D630FC212AC18DE4004330AF /* Restaurant.swift */; };
		D64863462AB5EE110025D91A /* Bintaro_FoodApp.swift in Sources */ = {isa = PBXBuildFile; fileRef = D64863452AB5EE110025D91A /* Bintaro_FoodApp.swift */; };
		D64863482AB5EE110025D91A /* RestaurantListView.swift in Sources */ = {isa = PBXBuildFile; fileRef = D64863472AB5EE110025D91A /* RestaurantListView.swift */; };
		D648634A2AB5EE120025D91A /* Assets.xcassets in Resources */ = {isa = PBXBuildFile; fileRef = D64863492AB5EE120025D91A /* Assets.xcassets */; };
		D648634D2AB5EE120025D91A /* Preview Assets.xcassets in Resources */ = {isa = PBXBuildFile; fileRef = D648634C2AB5EE120025D91A /* Preview Assets.xcassets */; };
		D64994502AC5BBB200B84EF6 /* UIColor+Ext.swift in Sources */ = {isa = PBXBuildFile; fileRef = D649944F2AC5BBB200B84EF6 /* UIColor+Ext.swift */; };
		D6592B3F2ADAC44800909001 /* Persistence.swift in Sources */ = {isa = PBXBuildFile; fileRef = D6592B3E2ADAC44800909001 /* Persistence.swift */; };
		D6592B422ADAC69200909001 /* BintaroFood.xcdatamodeld in Sources */ = {isa = PBXBuildFile; fileRef = D6592B402ADAC69200909001 /* BintaroFood.xcdatamodeld */; };
		D65F32272ADB93D3007B8FF9 /* RestaurantFormViewModel.swift in Sources */ = {isa = PBXBuildFile; fileRef = D65F32262ADB93D3007B8FF9 /* RestaurantFormViewModel.swift */; };
		D68D6E372AC599BE00F0C12C /* Nunito-Bold.ttf in Resources */ = {isa = PBXBuildFile; fileRef = D68D6E352AC599BE00F0C12C /* Nunito-Bold.ttf */; };
		D68D6E382AC599BE00F0C12C /* Nunito-Regular.ttf in Resources */ = {isa = PBXBuildFile; fileRef = D68D6E362AC599BE00F0C12C /* Nunito-Regular.ttf */; };
		D691BDC82AC99312000EF2F4 /* MapView.swift in Sources */ = {isa = PBXBuildFile; fileRef = D691BDC72AC99312000EF2F4 /* MapView.swift */; };
		D691BDCA2AC9ADE8000EF2F4 /* ReviewView.swift in Sources */ = {isa = PBXBuildFile; fileRef = D691BDC92AC9ADE8000EF2F4 /* ReviewView.swift */; };
		D6B015532AC41F890056A5B5 /* RestaurantDetailView.swift in Sources */ = {isa = PBXBuildFile; fileRef = D6B015522AC41F890056A5B5 /* RestaurantDetailView.swift */; };
/* End PBXBuildFile section */

/* Begin PBXFileReference section */
		D6283A6F2AC2D3290011EC13 /* ActivityView.swift */ = {isa = PBXFileReference; lastKnownFileType = sourcecode.swift; path = ActivityView.swift; sourceTree = "<group>"; };
		D62BABE22AD198E800F27816 /* NewRestaurantView.swift */ = {isa = PBXFileReference; lastKnownFileType = sourcecode.swift; path = NewRestaurantView.swift; sourceTree = "<group>"; };
		D62BABE72AD19B3800F27816 /* FormTextField.swift */ = {isa = PBXFileReference; lastKnownFileType = sourcecode.swift; path = FormTextField.swift; sourceTree = "<group>"; };
		D62BABE92AD19D6600F27816 /* FormTextView.swift */ = {isa = PBXFileReference; lastKnownFileType = sourcecode.swift; path = FormTextView.swift; sourceTree = "<group>"; };
		D62BABEC2AD1A81A00F27816 /* ImagePicker.swift */ = {isa = PBXFileReference; lastKnownFileType = sourcecode.swift; path = ImagePicker.swift; sourceTree = "<group>"; };
		D630FC212AC18DE4004330AF /* Restaurant.swift */ = {isa = PBXFileReference; lastKnownFileType = sourcecode.swift; path = Restaurant.swift; sourceTree = "<group>"; };
		D64863422AB5EE110025D91A /* Bintaro Food.app */ = {isa = PBXFileReference; explicitFileType = wrapper.application; includeInIndex = 0; path = "Bintaro Food.app"; sourceTree = BUILT_PRODUCTS_DIR; };
		D64863452AB5EE110025D91A /* Bintaro_FoodApp.swift */ = {isa = PBXFileReference; lastKnownFileType = sourcecode.swift; path = Bintaro_FoodApp.swift; sourceTree = "<group>"; };
		D64863472AB5EE110025D91A /* RestaurantListView.swift */ = {isa = PBXFileReference; lastKnownFileType = sourcecode.swift; path = RestaurantListView.swift; sourceTree = "<group>"; };
		D64863492AB5EE120025D91A /* Assets.xcassets */ = {isa = PBXFileReference; lastKnownFileType = folder.assetcatalog; path = Assets.xcassets; sourceTree = "<group>"; };
		D648634C2AB5EE120025D91A /* Preview Assets.xcassets */ = {isa = PBXFileReference; lastKnownFileType = folder.assetcatalog; path = "Preview Assets.xcassets"; sourceTree = "<group>"; };
		D649944F2AC5BBB200B84EF6 /* UIColor+Ext.swift */ = {isa = PBXFileReference; lastKnownFileType = sourcecode.swift; path = "UIColor+Ext.swift"; sourceTree = "<group>"; };
		D6592B3E2ADAC44800909001 /* Persistence.swift */ = {isa = PBXFileReference; lastKnownFileType = sourcecode.swift; path = Persistence.swift; sourceTree = "<group>"; };
		D6592B412ADAC69200909001 /* BintaroFood.xcdatamodel */ = {isa = PBXFileReference; lastKnownFileType = wrapper.xcdatamodel; path = BintaroFood.xcdatamodel; sourceTree = "<group>"; };
		D65F32262ADB93D3007B8FF9 /* RestaurantFormViewModel.swift */ = {isa = PBXFileReference; lastKnownFileType = sourcecode.swift; path = RestaurantFormViewModel.swift; sourceTree = "<group>"; };
		D68D6E352AC599BE00F0C12C /* Nunito-Bold.ttf */ = {isa = PBXFileReference; lastKnownFileType = file; path = "Nunito-Bold.ttf"; sourceTree = "<group>"; };
		D68D6E362AC599BE00F0C12C /* Nunito-Regular.ttf */ = {isa = PBXFileReference; lastKnownFileType = file; path = "Nunito-Regular.ttf"; sourceTree = "<group>"; };
		D68D6E392AC59ABF00F0C12C /* Bintaro-Food-Info.plist */ = {isa = PBXFileReference; lastKnownFileType = text.plist; path = "Bintaro-Food-Info.plist"; sourceTree = SOURCE_ROOT; };
		D691BDC72AC99312000EF2F4 /* MapView.swift */ = {isa = PBXFileReference; lastKnownFileType = sourcecode.swift; path = MapView.swift; sourceTree = "<group>"; };
		D691BDC92AC9ADE8000EF2F4 /* ReviewView.swift */ = {isa = PBXFileReference; lastKnownFileType = sourcecode.swift; path = ReviewView.swift; sourceTree = "<group>"; };
		D6B015522AC41F890056A5B5 /* RestaurantDetailView.swift */ = {isa = PBXFileReference; lastKnownFileType = sourcecode.swift; path = RestaurantDetailView.swift; sourceTree = "<group>"; };
/* End PBXFileReference section */

/* Begin PBXFrameworksBuildPhase section */
		D648633F2AB5EE110025D91A /* Frameworks */ = {
			isa = PBXFrameworksBuildPhase;
			buildActionMask = 2147483647;
			files = (
			);
			runOnlyForDeploymentPostprocessing = 0;
		};
/* End PBXFrameworksBuildPhase section */

/* Begin PBXGroup section */
		D61DDB1E2AC284D7007BF36D /* Model */ = {
			isa = PBXGroup;
			children = (
				D630FC212AC18DE4004330AF /* Restaurant.swift */,
				D6592B3E2ADAC44800909001 /* Persistence.swift */,
			);
			path = Model;
			sourceTree = "<group>";
		};
		D61DDB1F2AC284E4007BF36D /* View */ = {
			isa = PBXGroup;
			children = (
				D62BABE42AD19B0400F27816 /* Component */,
				D64863472AB5EE110025D91A /* RestaurantListView.swift */,
				D6283A6F2AC2D3290011EC13 /* ActivityView.swift */,
				D6B015522AC41F890056A5B5 /* RestaurantDetailView.swift */,
				D691BDC72AC99312000EF2F4 /* MapView.swift */,
				D691BDC92AC9ADE8000EF2F4 /* ReviewView.swift */,
				D62BABE22AD198E800F27816 /* NewRestaurantView.swift */,
			);
			path = View;
			sourceTree = "<group>";
		};
		D62BABE42AD19B0400F27816 /* Component */ = {
			isa = PBXGroup;
			children = (
				D62BABE72AD19B3800F27816 /* FormTextField.swift */,
				D62BABE92AD19D6600F27816 /* FormTextView.swift */,
			);
			path = Component;
			sourceTree = "<group>";
		};
		D62BABEB2AD1A7E700F27816 /* Util */ = {
			isa = PBXGroup;
			children = (
				D62BABEC2AD1A81A00F27816 /* ImagePicker.swift */,
			);
			path = Util;
			sourceTree = "<group>";
		};
		D64863392AB5EE110025D91A = {
			isa = PBXGroup;
			children = (
				D64863442AB5EE110025D91A /* Bintaro Food */,
				D64863432AB5EE110025D91A /* Products */,
			);
			sourceTree = "<group>";
		};
		D64863432AB5EE110025D91A /* Products */ = {
			isa = PBXGroup;
			children = (
				D64863422AB5EE110025D91A /* Bintaro Food.app */,
			);
			name = Products;
			sourceTree = "<group>";
		};
		D64863442AB5EE110025D91A /* Bintaro Food */ = {
			isa = PBXGroup;
			children = (
				D65F32252ADB9399007B8FF9 /* ViewModel */,
				D62BABEB2AD1A7E700F27816 /* Util */,
				D649944E2AC5BB9700B84EF6 /* Extensions */,
				D68D6E392AC59ABF00F0C12C /* Bintaro-Food-Info.plist */,
				D68D6E332AC5996900F0C12C /* Resources */,
				D61DDB1F2AC284E4007BF36D /* View */,
				D61DDB1E2AC284D7007BF36D /* Model */,
				D64863452AB5EE110025D91A /* Bintaro_FoodApp.swift */,
				D64863492AB5EE120025D91A /* Assets.xcassets */,
				D648634B2AB5EE120025D91A /* Preview Content */,
				D6592B402ADAC69200909001 /* BintaroFood.xcdatamodeld */,
			);
			path = "Bintaro Food";
			sourceTree = "<group>";
		};
		D648634B2AB5EE120025D91A /* Preview Content */ = {
			isa = PBXGroup;
			children = (
				D648634C2AB5EE120025D91A /* Preview Assets.xcassets */,
			);
			path = "Preview Content";
			sourceTree = "<group>";
		};
		D649944E2AC5BB9700B84EF6 /* Extensions */ = {
			isa = PBXGroup;
			children = (
				D649944F2AC5BBB200B84EF6 /* UIColor+Ext.swift */,
			);
			path = Extensions;
			sourceTree = "<group>";
		};
		D65F32252ADB9399007B8FF9 /* ViewModel */ = {
			isa = PBXGroup;
			children = (
				D65F32262ADB93D3007B8FF9 /* RestaurantFormViewModel.swift */,
			);
			path = ViewModel;
			sourceTree = "<group>";
		};
		D68D6E332AC5996900F0C12C /* Resources */ = {
			isa = PBXGroup;
			children = (
				D68D6E342AC5997A00F0C12C /* Fonts */,
			);
			path = Resources;
			sourceTree = "<group>";
		};
		D68D6E342AC5997A00F0C12C /* Fonts */ = {
			isa = PBXGroup;
			children = (
				D68D6E352AC599BE00F0C12C /* Nunito-Bold.ttf */,
				D68D6E362AC599BE00F0C12C /* Nunito-Regular.ttf */,
			);
			path = Fonts;
			sourceTree = "<group>";
		};
/* End PBXGroup section */

/* Begin PBXNativeTarget section */
		D64863412AB5EE110025D91A /* Bintaro Food */ = {
			isa = PBXNativeTarget;
			buildConfigurationList = D64863502AB5EE120025D91A /* Build configuration list for PBXNativeTarget "Bintaro Food" */;
			buildPhases = (
				D648633E2AB5EE110025D91A /* Sources */,
				D648633F2AB5EE110025D91A /* Frameworks */,
				D64863402AB5EE110025D91A /* Resources */,
			);
			buildRules = (
			);
			dependencies = (
			);
			name = "Bintaro Food";
			productName = "Bintaro Food";
			productReference = D64863422AB5EE110025D91A /* Bintaro Food.app */;
			productType = "com.apple.product-type.application";
		};
/* End PBXNativeTarget section */

/* Begin PBXProject section */
		D648633A2AB5EE110025D91A /* Project object */ = {
			isa = PBXProject;
			attributes = {
				BuildIndependentTargetsInParallel = 1;
				LastSwiftUpdateCheck = 1430;
				LastUpgradeCheck = 1430;
				TargetAttributes = {
					D64863412AB5EE110025D91A = {
						CreatedOnToolsVersion = 14.3;
					};
				};
			};
			buildConfigurationList = D648633D2AB5EE110025D91A /* Build configuration list for PBXProject "Bintaro Food" */;
			compatibilityVersion = "Xcode 14.0";
			developmentRegion = en;
			hasScannedForEncodings = 0;
			knownRegions = (
				en,
				Base,
			);
			mainGroup = D64863392AB5EE110025D91A;
			productRefGroup = D64863432AB5EE110025D91A /* Products */;
			projectDirPath = "";
			projectRoot = "";
			targets = (
				D64863412AB5EE110025D91A /* Bintaro Food */,
			);
		};
/* End PBXProject section */

/* Begin PBXResourcesBuildPhase section */
		D64863402AB5EE110025D91A /* Resources */ = {
			isa = PBXResourcesBuildPhase;
			buildActionMask = 2147483647;
			files = (
				D648634D2AB5EE120025D91A /* Preview Assets.xcassets in Resources */,
				D68D6E372AC599BE00F0C12C /* Nunito-Bold.ttf in Resources */,
				D68D6E382AC599BE00F0C12C /* Nunito-Regular.ttf in Resources */,
				D648634A2AB5EE120025D91A /* Assets.xcassets in Resources */,
			);
			runOnlyForDeploymentPostprocessing = 0;
		};
/* End PBXResourcesBuildPhase section */

/* Begin PBXSourcesBuildPhase section */
		D648633E2AB5EE110025D91A /* Sources */ = {
			isa = PBXSourcesBuildPhase;
			buildActionMask = 2147483647;
			files = (
				D691BDCA2AC9ADE8000EF2F4 /* ReviewView.swift in Sources */,
				D62BABE82AD19B3800F27816 /* FormTextField.swift in Sources */,
				D691BDC82AC99312000EF2F4 /* MapView.swift in Sources */,
				D64863482AB5EE110025D91A /* RestaurantListView.swift in Sources */,
				D6B015532AC41F890056A5B5 /* RestaurantDetailView.swift in Sources */,
				D6283A702AC2D3290011EC13 /* ActivityView.swift in Sources */,
				D65F32272ADB93D3007B8FF9 /* RestaurantFormViewModel.swift in Sources */,
				D62BABEA2AD19D6600F27816 /* FormTextView.swift in Sources */,
				D6592B3F2ADAC44800909001 /* Persistence.swift in Sources */,
				D62BABE32AD198E800F27816 /* NewRestaurantView.swift in Sources */,
				D64994502AC5BBB200B84EF6 /* UIColor+Ext.swift in Sources */,
				D62BABED2AD1A81A00F27816 /* ImagePicker.swift in Sources */,
				D6592B422ADAC69200909001 /* BintaroFood.xcdatamodeld in Sources */,
				D64863462AB5EE110025D91A /* Bintaro_FoodApp.swift in Sources */,
				D630FC222AC18DE4004330AF /* Restaurant.swift in Sources */,
			);
			runOnlyForDeploymentPostprocessing = 0;
		};
/* End PBXSourcesBuildPhase section */

/* Begin XCBuildConfiguration section */
		D648634E2AB5EE120025D91A /* Debug */ = {
			isa = XCBuildConfiguration;
			buildSettings = {
				ALWAYS_SEARCH_USER_PATHS = NO;
				CLANG_ANALYZER_NONNULL = YES;
				CLANG_ANALYZER_NUMBER_OBJECT_CONVERSION = YES_AGGRESSIVE;
				CLANG_CXX_LANGUAGE_STANDARD = "gnu++20";
				CLANG_ENABLE_MODULES = YES;
				CLANG_ENABLE_OBJC_ARC = YES;
				CLANG_ENABLE_OBJC_WEAK = YES;
				CLANG_WARN_BLOCK_CAPTURE_AUTORELEASING = YES;
				CLANG_WARN_BOOL_CONVERSION = YES;
				CLANG_WARN_COMMA = YES;
				CLANG_WARN_CONSTANT_CONVERSION = YES;
				CLANG_WARN_DEPRECATED_OBJC_IMPLEMENTATIONS = YES;
				CLANG_WARN_DIRECT_OBJC_ISA_USAGE = YES_ERROR;
				CLANG_WARN_DOCUMENTATION_COMMENTS = YES;
				CLANG_WARN_EMPTY_BODY = YES;
				CLANG_WARN_ENUM_CONVERSION = YES;
				CLANG_WARN_INFINITE_RECURSION = YES;
				CLANG_WARN_INT_CONVERSION = YES;
				CLANG_WARN_NON_LITERAL_NULL_CONVERSION = YES;
				CLANG_WARN_OBJC_IMPLICIT_RETAIN_SELF = YES;
				CLANG_WARN_OBJC_LITERAL_CONVERSION = YES;
				CLANG_WARN_OBJC_ROOT_CLASS = YES_ERROR;
				CLANG_WARN_QUOTED_INCLUDE_IN_FRAMEWORK_HEADER = YES;
				CLANG_WARN_RANGE_LOOP_ANALYSIS = YES;
				CLANG_WARN_STRICT_PROTOTYPES = YES;
				CLANG_WARN_SUSPICIOUS_MOVE = YES;
				CLANG_WARN_UNGUARDED_AVAILABILITY = YES_AGGRESSIVE;
				CLANG_WARN_UNREACHABLE_CODE = YES;
				CLANG_WARN__DUPLICATE_METHOD_MATCH = YES;
				COPY_PHASE_STRIP = NO;
				DEBUG_INFORMATION_FORMAT = dwarf;
				ENABLE_STRICT_OBJC_MSGSEND = YES;
				ENABLE_TESTABILITY = YES;
				GCC_C_LANGUAGE_STANDARD = gnu11;
				GCC_DYNAMIC_NO_PIC = NO;
				GCC_NO_COMMON_BLOCKS = YES;
				GCC_OPTIMIZATION_LEVEL = 0;
				GCC_PREPROCESSOR_DEFINITIONS = (
					"DEBUG=1",
					"$(inherited)",
				);
				GCC_WARN_64_TO_32_BIT_CONVERSION = YES;
				GCC_WARN_ABOUT_RETURN_TYPE = YES_ERROR;
				GCC_WARN_UNDECLARED_SELECTOR = YES;
				GCC_WARN_UNINITIALIZED_AUTOS = YES_AGGRESSIVE;
				GCC_WARN_UNUSED_FUNCTION = YES;
				GCC_WARN_UNUSED_VARIABLE = YES;
				IPHONEOS_DEPLOYMENT_TARGET = 16.4;
				MTL_ENABLE_DEBUG_INFO = INCLUDE_SOURCE;
				MTL_FAST_MATH = YES;
				ONLY_ACTIVE_ARCH = YES;
				SDKROOT = iphoneos;
				SWIFT_ACTIVE_COMPILATION_CONDITIONS = DEBUG;
				SWIFT_OPTIMIZATION_LEVEL = "-Onone";
			};
			name = Debug;
		};
		D648634F2AB5EE120025D91A /* Release */ = {
			isa = XCBuildConfiguration;
			buildSettings = {
				ALWAYS_SEARCH_USER_PATHS = NO;
				CLANG_ANALYZER_NONNULL = YES;
				CLANG_ANALYZER_NUMBER_OBJECT_CONVERSION = YES_AGGRESSIVE;
				CLANG_CXX_LANGUAGE_STANDARD = "gnu++20";
				CLANG_ENABLE_MODULES = YES;
				CLANG_ENABLE_OBJC_ARC = YES;
				CLANG_ENABLE_OBJC_WEAK = YES;
				CLANG_WARN_BLOCK_CAPTURE_AUTORELEASING = YES;
				CLANG_WARN_BOOL_CONVERSION = YES;
				CLANG_WARN_COMMA = YES;
				CLANG_WARN_CONSTANT_CONVERSION = YES;
				CLANG_WARN_DEPRECATED_OBJC_IMPLEMENTATIONS = YES;
				CLANG_WARN_DIRECT_OBJC_ISA_USAGE = YES_ERROR;
				CLANG_WARN_DOCUMENTATION_COMMENTS = YES;
				CLANG_WARN_EMPTY_BODY = YES;
				CLANG_WARN_ENUM_CONVERSION = YES;
				CLANG_WARN_INFINITE_RECURSION = YES;
				CLANG_WARN_INT_CONVERSION = YES;
				CLANG_WARN_NON_LITERAL_NULL_CONVERSION = YES;
				CLANG_WARN_OBJC_IMPLICIT_RETAIN_SELF = YES;
				CLANG_WARN_OBJC_LITERAL_CONVERSION = YES;
				CLANG_WARN_OBJC_ROOT_CLASS = YES_ERROR;
				CLANG_WARN_QUOTED_INCLUDE_IN_FRAMEWORK_HEADER = YES;
				CLANG_WARN_RANGE_LOOP_ANALYSIS = YES;
				CLANG_WARN_STRICT_PROTOTYPES = YES;
				CLANG_WARN_SUSPICIOUS_MOVE = YES;
				CLANG_WARN_UNGUARDED_AVAILABILITY = YES_AGGRESSIVE;
				CLANG_WARN_UNREACHABLE_CODE = YES;
				CLANG_WARN__DUPLICATE_METHOD_MATCH = YES;
				COPY_PHASE_STRIP = NO;
				DEBUG_INFORMATION_FORMAT = "dwarf-with-dsym";
				ENABLE_NS_ASSERTIONS = NO;
				ENABLE_STRICT_OBJC_MSGSEND = YES;
				GCC_C_LANGUAGE_STANDARD = gnu11;
				GCC_NO_COMMON_BLOCKS = YES;
				GCC_WARN_64_TO_32_BIT_CONVERSION = YES;
				GCC_WARN_ABOUT_RETURN_TYPE = YES_ERROR;
				GCC_WARN_UNDECLARED_SELECTOR = YES;
				GCC_WARN_UNINITIALIZED_AUTOS = YES_AGGRESSIVE;
				GCC_WARN_UNUSED_FUNCTION = YES;
				GCC_WARN_UNUSED_VARIABLE = YES;
				IPHONEOS_DEPLOYMENT_TARGET = 16.4;
				MTL_ENABLE_DEBUG_INFO = NO;
				MTL_FAST_MATH = YES;
				SDKROOT = iphoneos;
				SWIFT_COMPILATION_MODE = wholemodule;
				SWIFT_OPTIMIZATION_LEVEL = "-O";
				VALIDATE_PRODUCT = YES;
			};
			name = Release;
		};
		D64863512AB5EE120025D91A /* Debug */ = {
			isa = XCBuildConfiguration;
			buildSettings = {
				ASSETCATALOG_COMPILER_APPICON_NAME = AppIcon;
				ASSETCATALOG_COMPILER_GLOBAL_ACCENT_COLOR_NAME = AccentColor;
				CODE_SIGN_STYLE = Automatic;
				CURRENT_PROJECT_VERSION = 1;
				DEVELOPMENT_ASSET_PATHS = "\"Bintaro Food/Preview Content\"";
				DEVELOPMENT_TEAM = 6LUDQ7NCJV;
				ENABLE_PREVIEWS = YES;
				GENERATE_INFOPLIST_FILE = YES;
				INFOPLIST_FILE = "Bintaro-Food-Info.plist";
				INFOPLIST_KEY_UIApplicationSceneManifest_Generation = YES;
				INFOPLIST_KEY_UIApplicationSupportsIndirectInputEvents = YES;
				INFOPLIST_KEY_UILaunchScreen_Generation = YES;
				INFOPLIST_KEY_UISupportedInterfaceOrientations_iPad = "UIInterfaceOrientationPortrait UIInterfaceOrientationPortraitUpsideDown UIInterfaceOrientationLandscapeLeft UIInterfaceOrientationLandscapeRight";
				INFOPLIST_KEY_UISupportedInterfaceOrientations_iPhone = "UIInterfaceOrientationPortrait UIInterfaceOrientationLandscapeLeft UIInterfaceOrientationLandscapeRight";
				LD_RUNPATH_SEARCH_PATHS = (
					"$(inherited)",
					"@executable_path/Frameworks",
				);
				MARKETING_VERSION = 1.0;
				PRODUCT_BUNDLE_IDENTIFIER = "id.signal.Bintaro-Food";
				PRODUCT_NAME = "$(TARGET_NAME)";
				SWIFT_EMIT_LOC_STRINGS = YES;
				SWIFT_VERSION = 5.0;
				TARGETED_DEVICE_FAMILY = "1,2";
			};
			name = Debug;
		};
		D64863522AB5EE120025D91A /* Release */ = {
			isa = XCBuildConfiguration;
			buildSettings = {
				ASSETCATALOG_COMPILER_APPICON_NAME = AppIcon;
				ASSETCATALOG_COMPILER_GLOBAL_ACCENT_COLOR_NAME = AccentColor;
				CODE_SIGN_STYLE = Automatic;
				CURRENT_PROJECT_VERSION = 1;
				DEVELOPMENT_ASSET_PATHS = "\"Bintaro Food/Preview Content\"";
				DEVELOPMENT_TEAM = 6LUDQ7NCJV;
				ENABLE_PREVIEWS = YES;
				GENERATE_INFOPLIST_FILE = YES;
				INFOPLIST_FILE = "Bintaro-Food-Info.plist";
				INFOPLIST_KEY_UIApplicationSceneManifest_Generation = YES;
				INFOPLIST_KEY_UIApplicationSupportsIndirectInputEvents = YES;
				INFOPLIST_KEY_UILaunchScreen_Generation = YES;
				INFOPLIST_KEY_UISupportedInterfaceOrientations_iPad = "UIInterfaceOrientationPortrait UIInterfaceOrientationPortraitUpsideDown UIInterfaceOrientationLandscapeLeft UIInterfaceOrientationLandscapeRight";
				INFOPLIST_KEY_UISupportedInterfaceOrientations_iPhone = "UIInterfaceOrientationPortrait UIInterfaceOrientationLandscapeLeft UIInterfaceOrientationLandscapeRight";
				LD_RUNPATH_SEARCH_PATHS = (
					"$(inherited)",
					"@executable_path/Frameworks",
				);
				MARKETING_VERSION = 1.0;
				PRODUCT_BUNDLE_IDENTIFIER = "id.signal.Bintaro-Food";
				PRODUCT_NAME = "$(TARGET_NAME)";
				SWIFT_EMIT_LOC_STRINGS = YES;
				SWIFT_VERSION = 5.0;
				TARGETED_DEVICE_FAMILY = "1,2";
			};
			name = Release;
		};
/* End XCBuildConfiguration section */

/* Begin XCConfigurationList section */
		D648633D2AB5EE110025D91A /* Build configuration list for PBXProject "Bintaro Food" */ = {
			isa = XCConfigurationList;
			buildConfigurations = (
				D648634E2AB5EE120025D91A /* Debug */,
				D648634F2AB5EE120025D91A /* Release */,
			);
			defaultConfigurationIsVisible = 0;
			defaultConfigurationName = Release;
		};
		D64863502AB5EE120025D91A /* Build configuration list for PBXNativeTarget "Bintaro Food" */ = {
			isa = XCConfigurationList;
			buildConfigurations = (
				D64863512AB5EE120025D91A /* Debug */,
				D64863522AB5EE120025D91A /* Release */,
			);
			defaultConfigurationIsVisible = 0;
			defaultConfigurationName = Release;
		};
/* End XCConfigurationList section */

/* Begin XCVersionGroup section */
		D6592B402ADAC69200909001 /* BintaroFood.xcdatamodeld */ = {
			isa = XCVersionGroup;
			children = (
				D6592B412ADAC69200909001 /* BintaroFood.xcdatamodel */,
			);
			currentVersion = D6592B412ADAC69200909001 /* BintaroFood.xcdatamodel */;
			path = BintaroFood.xcdatamodeld;
			sourceTree = "<group>";
			versionGroupType = wrapper.xcdatamodel;
		};
/* End XCVersionGroup section */
	};
	rootObject = D648633A2AB5EE110025D91A /* Project object */;
}
